
Microsoft Visual Studio Solution File, Format Version 12.00
# Visual Studio Version 17
VisualStudioVersion = 17.6.33801.468
MinimumVisualStudioVersion = 10.0.40219.1
Project("{9A19103F-16F7-4668-BE54-9A1E7A4F7556}") = "eCommerce.API", "eCommerce.API\eCommerce.API.csproj", "{B833064D-1768-4707-84D9-CCE3CBA8100F}"
EndProject
Project("{9A19103F-16F7-4668-BE54-9A1E7A4F7556}") = "eCommerce.Models", "eCommerce.Models\eCommerce.Models.csproj", "{E32B3AA8-13FC-492F-9E07-4FAA57B75657}"
EndProject
Project("{FAE04EC0-301F-11D3-BF4B-00C04F79EFBC}") = "eCommerce.Models.FluentAPI", "eCommerce.Models.FluentAPI\eCommerce.Models.FluentAPI.csproj", "{81A0465E-F0EC-47FF-8852-DC2EA14FDA93}"
EndProject
Global
	GlobalSection(SolutionConfigurationPlatforms) = preSolution
		Debug|Any CPU = Debug|Any CPU
		Release|Any CPU = Release|Any CPU
	EndGlobalSection
	GlobalSection(ProjectConfigurationPlatforms) = postSolution
		{B833064D-1768-4707-84D9-CCE3CBA8100F}.Debug|Any CPU.ActiveCfg = Debug|Any CPU
		{B833064D-1768-4707-84D9-CCE3CBA8100F}.Debug|Any CPU.Build.0 = Debug|Any CPU
		{B833064D-1768-4707-84D9-CCE3CBA8100F}.Release|Any CPU.ActiveCfg = Release|Any CPU
		{B833064D-1768-4707-84D9-CCE3CBA8100F}.Release|Any CPU.Build.0 = Release|Any CPU
		{E32B3AA8-13FC-492F-9E07-4FAA57B75657}.Debug|Any CPU.ActiveCfg = Debug|Any CPU
		{E32B3AA8-13FC-492F-9E07-4FAA57B75657}.Debug|Any CPU.Build.0 = Debug|Any CPU
		{E32B3AA8-13FC-492F-9E07-4FAA57B75657}.Release|Any CPU.ActiveCfg = Release|Any CPU
		{E32B3AA8-13FC-492F-9E07-4FAA57B75657}.Release|Any CPU.Build.0 = Release|Any CPU
		{81A0465E-F0EC-47FF-8852-DC2EA14FDA93}.Debug|Any CPU.ActiveCfg = Debug|Any CPU
		{81A0465E-F0EC-47FF-8852-DC2EA14FDA93}.Debug|Any CPU.Build.0 = Debug|Any CPU
		{81A0465E-F0EC-47FF-8852-DC2EA14FDA93}.Release|Any CPU.ActiveCfg = Release|Any CPU
		{81A0465E-F0EC-47FF-8852-DC2EA14FDA93}.Release|Any CPU.Build.0 = Release|Any CPU
	EndGlobalSection
	GlobalSection(SolutionProperties) = preSolution
		HideSolutionNode = FALSE
	EndGlobalSection
	GlobalSection(ExtensibilityGlobals) = postSolution
		SolutionGuid = {B4C66632-BBFB-4ADB-8EC8-1ADD4B6A4266}
	EndGlobalSection
EndGlobal
